
Microsoft Visual Studio Solution File, Format Version 12.00
# Visual Studio Version 17
VisualStudioVersion = 17.2.32602.215
MinimumVisualStudioVersion = 10.0.40219.1
Project("{FAE04EC0-301F-11D3-BF4B-00C04F79EFBC}") = "Lecture6Notes", "Lecture6Notes.csproj", "{20E05C6B-1456-4EAC-B256-ADF2DBA56E54}"
EndProject
Global
	GlobalSection(SolutionConfigurationPlatforms) = preSolution
		Debug|Any CPU = Debug|Any CPU
		Release|Any CPU = Release|Any CPU
	EndGlobalSection
	GlobalSection(ProjectConfigurationPlatforms) = postSolution
		{20E05C6B-1456-4EAC-B256-ADF2DBA56E54}.Debug|Any CPU.ActiveCfg = Debug|Any CPU
		{20E05C6B-1456-4EAC-B256-ADF2DBA56E54}.Debug|Any CPU.Build.0 = Debug|Any CPU
		{20E05C6B-1456-4EAC-B256-ADF2DBA56E54}.Release|Any CPU.ActiveCfg = Release|Any CPU
		{20E05C6B-1456-4EAC-B256-ADF2DBA56E54}.Release|Any CPU.Build.0 = Release|Any CPU
	EndGlobalSection
	GlobalSection(SolutionProperties) = preSolution
		HideSolutionNode = FALSE
	EndGlobalSection
	GlobalSection(ExtensibilityGlobals) = postSolution
		SolutionGuid = {ED5AB8EA-974F-43D7-88BC-97612EB95A9C}
	EndGlobalSection
EndGlobal
